
Microsoft Visual Studio Solution File, Format Version 12.00
# Visual Studio Version 16
VisualStudioVersion = 16.0.30204.135
MinimumVisualStudioVersion = 10.0.40219.1
Project("{FAE04EC0-301F-11D3-BF4B-00C04F79EFBC}") = "practice", "practice\practice.csproj", "{EF49E383-6D8A-4742-826C-2A00592E91FE}"
EndProject
Global
	GlobalSection(SolutionConfigurationPlatforms) = preSolution
		Debug|Any CPU = Debug|Any CPU
		Release|Any CPU = Release|Any CPU
	EndGlobalSection
	GlobalSection(ProjectConfigurationPlatforms) = postSolution
		{EF49E383-6D8A-4742-826C-2A00592E91FE}.Debug|Any CPU.ActiveCfg = Debug|Any CPU
		{EF49E383-6D8A-4742-826C-2A00592E91FE}.Debug|Any CPU.Build.0 = Debug|Any CPU
		{EF49E383-6D8A-4742-826C-2A00592E91FE}.Release|Any CPU.ActiveCfg = Release|Any CPU
		{EF49E383-6D8A-4742-826C-2A00592E91FE}.Release|Any CPU.Build.0 = Release|Any CPU
	EndGlobalSection
	GlobalSection(SolutionProperties) = preSolution
		HideSolutionNode = FALSE
	EndGlobalSection
	GlobalSection(ExtensibilityGlobals) = postSolution
		SolutionGuid = {E7E9CCEA-E09E-4D41-B50C-E37542B73A95}
	EndGlobalSection
EndGlobal
